
Microsoft Visual Studio Solution File, Format Version 12.00
# Visual Studio Version 17
VisualStudioVersion = 17.10.34928.147
MinimumVisualStudioVersion = 10.0.40219.1
Project("{FAE04EC0-301F-11D3-BF4B-00C04F79EFBC}") = "lab4_patterns", "lab4_patterns\lab4_patterns.csproj", "{1EE0E58E-9C4A-470D-8D00-1054F0D8ACAA}"
EndProject
Global
	GlobalSection(SolutionConfigurationPlatforms) = preSolution
		Debug|Any CPU = Debug|Any CPU
		Release|Any CPU = Release|Any CPU
	EndGlobalSection
	GlobalSection(ProjectConfigurationPlatforms) = postSolution
		{1EE0E58E-9C4A-470D-8D00-1054F0D8ACAA}.Debug|Any CPU.ActiveCfg = Debug|Any CPU
		{1EE0E58E-9C4A-470D-8D00-1054F0D8ACAA}.Debug|Any CPU.Build.0 = Debug|Any CPU
		{1EE0E58E-9C4A-470D-8D00-1054F0D8ACAA}.Release|Any CPU.ActiveCfg = Release|Any CPU
		{1EE0E58E-9C4A-470D-8D00-1054F0D8ACAA}.Release|Any CPU.Build.0 = Release|Any CPU
	EndGlobalSection
	GlobalSection(SolutionProperties) = preSolution
		HideSolutionNode = FALSE
	EndGlobalSection
	GlobalSection(ExtensibilityGlobals) = postSolution
		SolutionGuid = {E2B67B2D-2006-42A0-84BA-370323FFAB84}
	EndGlobalSection
EndGlobal
