
Microsoft Visual Studio Solution File, Format Version 12.00
# Visual Studio Version 17
VisualStudioVersion = 17.9.34616.47
MinimumVisualStudioVersion = 10.0.40219.1
Project("{FAE04EC0-301F-11D3-BF4B-00C04F79EFBC}") = "lab4.1", "lab4.1\lab4.1.csproj", "{9F2B9530-28EB-4D53-82D3-5C6A6B8FA72B}"
EndProject
Global
	GlobalSection(SolutionConfigurationPlatforms) = preSolution
		Debug|Any CPU = Debug|Any CPU
		Release|Any CPU = Release|Any CPU
	EndGlobalSection
	GlobalSection(ProjectConfigurationPlatforms) = postSolution
		{9F2B9530-28EB-4D53-82D3-5C6A6B8FA72B}.Debug|Any CPU.ActiveCfg = Debug|Any CPU
		{9F2B9530-28EB-4D53-82D3-5C6A6B8FA72B}.Debug|Any CPU.Build.0 = Debug|Any CPU
		{9F2B9530-28EB-4D53-82D3-5C6A6B8FA72B}.Release|Any CPU.ActiveCfg = Release|Any CPU
		{9F2B9530-28EB-4D53-82D3-5C6A6B8FA72B}.Release|Any CPU.Build.0 = Release|Any CPU
	EndGlobalSection
	GlobalSection(SolutionProperties) = preSolution
		HideSolutionNode = FALSE
	EndGlobalSection
	GlobalSection(ExtensibilityGlobals) = postSolution
		SolutionGuid = {2075DDF6-FDCB-4EF3-BE23-C51839250A3C}
	EndGlobalSection
EndGlobal
